<?xml version="1.0" encoding="utf-8"?>
<Project ToolsVersion="4.0" xmlns="http://schemas.microsoft.com/developer/msbuild/2003">
  <ItemGroup>
    <Filter Include="资源文件">
      <UniqueIdentifier>{67DA6AB6-F800-4c08-8B7A-83BB121AAD01}</UniqueIdentifier>
      <Extensions>rc;ico;cur;bmp;dlg;rc2;rct;bin;rgs;gif;jpg;jpeg;jpe;resx;tiff;tif;png;wav;mfcribbon-ms</Extensions>
    </Filter>
    <Filter Include="include">
      <UniqueIdentifier>{93995380-89BD-4b04-88EB-625FBE52EBFB}</UniqueIdentifier>
      <Extensions>h;hh;hpp;hxx;hm;inl;inc;xsd</Extensions>
    </Filter>
    <Filter Include="src">
      <UniqueIdentifier>{4FC737F1-C7A5-4376-A066-2A32D752A2FF}</UniqueIdentifier>
      <Extensions>cpp;c;cc;cxx;def;odl;idl;hpj;bat;asm;asmx</Extensions>
    </Filter>
  </ItemGroup>
  <ItemGroup>
    <Text Include="ReadMe.txt" />
  </ItemGroup>
  <ItemGroup>
    <ResourceCompile Include="SvnDiffGUI.rc">
      <Filter>资源文件</Filter>
    </ResourceCompile>
  </ItemGroup>
  <ItemGroup>
    <None Include="res\SvnDiffGUI.rc2">
      <Filter>资源文件</Filter>
    </None>
  </ItemGroup>
  <ItemGroup>
    <Image Include="res\SvnDiffGUI.ico">
      <Filter>资源文件</Filter>
    </Image>
  </ItemGroup>
  <ItemGroup>
    <ClInclude Include="include\CMD5Checksum.h">
      <Filter>include</Filter>
    </ClInclude>
    <ClInclude Include="include\Conversion.h">
      <Filter>include</Filter>
    </ClInclude>
    <ClInclude Include="include\Encrypt.h">
      <Filter>include</Filter>
    </ClInclude>
    <ClInclude Include="include\LuaCompiler.h">
      <Filter>include</Filter>
    </ClInclude>
    <ClInclude Include="include\Manifest.h">
      <Filter>include</Filter>
    </ClInclude>
    <ClInclude Include="include\ManifestManager.h">
      <Filter>include</Filter>
    </ClInclude>
    <ClInclude Include="include\MD5ChecksumDefines.h">
      <Filter>include</Filter>
    </ClInclude>
    <ClInclude Include="include\resource.h">
      <Filter>include</Filter>
    </ClInclude>
    <ClInclude Include="include\ResourceEncrypt.h">
      <Filter>include</Filter>
    </ClInclude>
    <ClInclude Include="include\stdafx.h">
      <Filter>include</Filter>
    </ClInclude>
    <ClInclude Include="include\Svn.h">
      <Filter>include</Filter>
    </ClInclude>
    <ClInclude Include="include\SvnDiffGUI.h">
      <Filter>include</Filter>
    </ClInclude>
    <ClInclude Include="include\SvnDiffGUIDlg.h">
      <Filter>include</Filter>
    </ClInclude>
    <ClInclude Include="include\SvnGuiTool.h">
      <Filter>include</Filter>
    </ClInclude>
    <ClInclude Include="include\targetver.h">
      <Filter>include</Filter>
    </ClInclude>
    <ClInclude Include="include\Tool.h">
      <Filter>include</Filter>
    </ClInclude>
    <ClInclude Include="include\UpdatePackage.h">
      <Filter>include</Filter>
    </ClInclude>
    <ClInclude Include="include\Zip.h">
      <Filter>include</Filter>
    </ClInclude>
  </ItemGroup>
  <ItemGroup>
    <ClCompile Include="src\Conversion.cpp">
      <Filter>src</Filter>
    </ClCompile>
    <ClCompile Include="src\Encrypt.cpp">
      <Filter>src</Filter>
    </ClCompile>
    <ClCompile Include="src\LuaCompiler.cpp">
      <Filter>src</Filter>
    </ClCompile>
    <ClCompile Include="src\Manifest.cpp">
      <Filter>src</Filter>
    </ClCompile>
    <ClCompile Include="src\ManifestManager.cpp">
      <Filter>src</Filter>
    </ClCompile>
    <ClCompile Include="src\MD5ChecksumDefines.cpp">
      <Filter>src</Filter>
    </ClCompile>
    <ClCompile Include="src\ResourceEncrypt.cpp">
      <Filter>src</Filter>
    </ClCompile>
    <ClCompile Include="src\stdafx.cpp">
      <Filter>src</Filter>
    </ClCompile>
    <ClCompile Include="src\Svn.cpp">
      <Filter>src</Filter>
    </ClCompile>
    <ClCompile Include="src\SvnDiffGUI.cpp">
      <Filter>src</Filter>
    </ClCompile>
    <ClCompile Include="src\SvnDiffGUIDlg.cpp">
      <Filter>src</Filter>
    </ClCompile>
    <ClCompile Include="src\SvnGuiTool.cpp">
      <Filter>src</Filter>
    </ClCompile>
    <ClCompile Include="src\Tool.cpp">
      <Filter>src</Filter>
    </ClCompile>
    <ClCompile Include="src\UpdatePackage.cpp">
      <Filter>src</Filter>
    </ClCompile>
    <ClCompile Include="src\Zip.cpp">
      <Filter>src</Filter>
    </ClCompile>
  </ItemGroup>
</Project>